
Microsoft Visual Studio Solution File, Format Version 12.00
# Visual Studio Version 17
VisualStudioVersion = 17.5.33424.131
MinimumVisualStudioVersion = 10.0.40219.1
Project("{8BC9CEB8-8B4A-11D0-8D11-00A0C91BC942}") = "Ekzamen", "Ekzamen.vcxproj", "{0AB1A190-F456-4E13-B5D3-58A0E27A673F}"
EndProject
Global
	GlobalSection(SolutionConfigurationPlatforms) = preSolution
		Debug|x64 = Debug|x64
		Debug|x86 = Debug|x86
		Release|x64 = Release|x64
		Release|x86 = Release|x86
	EndGlobalSection
	GlobalSection(ProjectConfigurationPlatforms) = postSolution
		{0AB1A190-F456-4E13-B5D3-58A0E27A673F}.Debug|x64.ActiveCfg = Debug|x64
		{0AB1A190-F456-4E13-B5D3-58A0E27A673F}.Debug|x64.Build.0 = Debug|x64
		{0AB1A190-F456-4E13-B5D3-58A0E27A673F}.Debug|x86.ActiveCfg = Debug|Win32
		{0AB1A190-F456-4E13-B5D3-58A0E27A673F}.Debug|x86.Build.0 = Debug|Win32
		{0AB1A190-F456-4E13-B5D3-58A0E27A673F}.Release|x64.ActiveCfg = Release|x64
		{0AB1A190-F456-4E13-B5D3-58A0E27A673F}.Release|x64.Build.0 = Release|x64
		{0AB1A190-F456-4E13-B5D3-58A0E27A673F}.Release|x86.ActiveCfg = Release|Win32
		{0AB1A190-F456-4E13-B5D3-58A0E27A673F}.Release|x86.Build.0 = Release|Win32
	EndGlobalSection
	GlobalSection(SolutionProperties) = preSolution
		HideSolutionNode = FALSE
	EndGlobalSection
	GlobalSection(ExtensibilityGlobals) = postSolution
		SolutionGuid = {7DEBA4C6-15B9-4BFE-AF18-A7BCFA281ADE}
	EndGlobalSection
EndGlobal
